
Microsoft Visual Studio Solution File, Format Version 12.00
Project("{8BC9CEB8-8B4A-11D0-8D11-00A0C91BC942}") = "CppIntroChallenges", "CppIntroChallenges.vcxproj", "{E0727936-6A6F-40BD-9A36-CE3B770874C7}"
EndProject
Project("{8BC9CEB8-8B4A-11D0-8D11-00A0C91BC942}") = "ArithmeticProgression", "ArithmeticProgression\ArithmeticProgression.vcxproj", "{31D04420-FB52-4C57-B96D-C9295CD28513}"
EndProject
Project("{8BC9CEB8-8B4A-11D0-8D11-00A0C91BC942}") = "AbsoluteDifference", "AbsoluteDifference\AbsoluteDifference.vcxproj", "{8CBBB74F-2C21-46BD-BD81-3B0C3B3C8060}"
EndProject
Project("{8BC9CEB8-8B4A-11D0-8D11-00A0C91BC942}") = "CelsiusToFahrenheit", "CelsiusToFahrenheit\CelsiusToFahrenheit.vcxproj", "{0E8C63D1-4E2A-4F10-B5DC-B3F08F856774}"
EndProject
Project("{8BC9CEB8-8B4A-11D0-8D11-00A0C91BC942}") = "CompressString", "CompressString\CompressString.vcxproj", "{FBB4204C-0C55-4850-98D8-AC2A7AD9F81A}"
EndProject
Project("{8BC9CEB8-8B4A-11D0-8D11-00A0C91BC942}") = "ConstructorOrderInheritance", "ConstructorOrderInheritance\ConstructorOrderInheritance.vcxproj", "{D476D6CC-96D2-4999-B100-FBFDDB88B3B4}"
EndProject
Project("{8BC9CEB8-8B4A-11D0-8D11-00A0C91BC942}") = "ContainsNumber", "ContainsNumber\ContainsNumber.vcxproj", "{200858D6-80AD-4F83-BC09-EEDAB73C2476}"
EndProject
Project("{8BC9CEB8-8B4A-11D0-8D11-00A0C91BC942}") = "EvenOrOdd", "EvenOrOdd\EvenOrOdd.vcxproj", "{33D8D046-F464-4A85-BCA9-B0586E06FB65}"
EndProject
Project("{8BC9CEB8-8B4A-11D0-8D11-00A0C91BC942}") = "FibonacciNumbers", "FibonacciNumbers\FibonacciNumbers.vcxproj", "{180FC6A9-AA93-443C-8D4A-D5D76C581768}"
EndProject
Project("{8BC9CEB8-8B4A-11D0-8D11-00A0C91BC942}") = "GuessingGame", "GuessingGame\GuessingGame.vcxproj", "{93349AD7-F19D-4E0B-AA71-F9B5380712A8}"
EndProject
Project("{8BC9CEB8-8B4A-11D0-8D11-00A0C91BC942}") = "LastDigitOfANumber", "LastDigitOfANumber\LastDigitOfANumber.vcxproj", "{8BCD742E-BC84-41B9-A9AE-BFB250BF673C}"
EndProject
Project("{8BC9CEB8-8B4A-11D0-8D11-00A0C91BC942}") = "LinearSearch", "LinearSearch\LinearSearch.vcxproj", "{EAE3DDB0-1390-4A26-841B-D211FD021E4C}"
EndProject
Project("{8BC9CEB8-8B4A-11D0-8D11-00A0C91BC942}") = "LinearSearchWord", "LinearSearchWord\LinearSearchWord.vcxproj", "{4C9A5209-D772-4ACD-9B45-3E18775AC858}"
EndProject
Project("{8BC9CEB8-8B4A-11D0-8D11-00A0C91BC942}") = "LuckyNumber", "LuckyNumber\LuckyNumber.vcxproj", "{56E360E6-A943-492A-A44B-4E72C38F60E2}"
EndProject
Project("{8BC9CEB8-8B4A-11D0-8D11-00A0C91BC942}") = "MinMaxSumAverage", "MinMaxSumAverage\MinMaxSumAverage.vcxproj", "{E261C89D-A771-41A5-9B91-DA8F9C863DDE}"
EndProject
Project("{8BC9CEB8-8B4A-11D0-8D11-00A0C91BC942}") = "NthBitOfANumber", "NthBitOfANumber\NthBitOfANumber.vcxproj", "{73A4B91C-0E8E-4CC6-8550-0B194CFB5B4C}"
EndProject
Project("{8BC9CEB8-8B4A-11D0-8D11-00A0C91BC942}") = "OccurencesOfCharactersInAString", "OccurencesOfCharactersInAString\OccurencesOfCharactersInAString.vcxproj", "{BC186EC4-5103-4687-B198-B7024432E49B}"
EndProject
Project("{8BC9CEB8-8B4A-11D0-8D11-00A0C91BC942}") = "Palindrome", "Palindrome\Palindrome.vcxproj", "{3348825A-BA49-44B9-96C3-8B6169C40889}"
EndProject
Project("{8BC9CEB8-8B4A-11D0-8D11-00A0C91BC942}") = "Permutations", "Permutations\Permutations.vcxproj", "{B36947A2-6626-443B-8B30-441A2EFC7998}"
EndProject
Project("{8BC9CEB8-8B4A-11D0-8D11-00A0C91BC942}") = "ReverseCollection", "ReverseCollection\ReverseCollection.vcxproj", "{AFE1086B-C356-4003-89E8-290780CA2415}"
EndProject
Project("{8BC9CEB8-8B4A-11D0-8D11-00A0C91BC942}") = "Swap", "Swap\Swap.vcxproj", "{FEA7EFBE-5CF9-4022-976E-D0B3464E13DF}"
EndProject
Global
	GlobalSection(SolutionConfigurationPlatforms) = preSolution
		Debug|Win32 = Debug|Win32
		Debug|x64 = Debug|x64
		Release|Win32 = Release|Win32
		Release|x64 = Release|x64
	EndGlobalSection
	GlobalSection(ProjectConfigurationPlatforms) = postSolution
		{E0727936-6A6F-40BD-9A36-CE3B770874C7}.Debug|Win32.ActiveCfg = Debug|Win32
		{E0727936-6A6F-40BD-9A36-CE3B770874C7}.Debug|Win32.Build.0 = Debug|Win32
		{E0727936-6A6F-40BD-9A36-CE3B770874C7}.Debug|x64.ActiveCfg = Debug|x64
		{E0727936-6A6F-40BD-9A36-CE3B770874C7}.Debug|x64.Build.0 = Debug|x64
		{E0727936-6A6F-40BD-9A36-CE3B770874C7}.Release|Win32.ActiveCfg = Release|Win32
		{E0727936-6A6F-40BD-9A36-CE3B770874C7}.Release|Win32.Build.0 = Release|Win32
		{E0727936-6A6F-40BD-9A36-CE3B770874C7}.Release|x64.ActiveCfg = Release|x64
		{E0727936-6A6F-40BD-9A36-CE3B770874C7}.Release|x64.Build.0 = Release|x64
		{31D04420-FB52-4C57-B96D-C9295CD28513}.Debug|Win32.ActiveCfg = Debug|Win32
		{31D04420-FB52-4C57-B96D-C9295CD28513}.Debug|Win32.Build.0 = Debug|Win32
		{31D04420-FB52-4C57-B96D-C9295CD28513}.Debug|x64.ActiveCfg = Debug|x64
		{31D04420-FB52-4C57-B96D-C9295CD28513}.Debug|x64.Build.0 = Debug|x64
		{31D04420-FB52-4C57-B96D-C9295CD28513}.Release|Win32.ActiveCfg = Release|Win32
		{31D04420-FB52-4C57-B96D-C9295CD28513}.Release|Win32.Build.0 = Release|Win32
		{31D04420-FB52-4C57-B96D-C9295CD28513}.Release|x64.ActiveCfg = Release|x64
		{31D04420-FB52-4C57-B96D-C9295CD28513}.Release|x64.Build.0 = Release|x64
		{8CBBB74F-2C21-46BD-BD81-3B0C3B3C8060}.Debug|Win32.ActiveCfg = Debug|Win32
		{8CBBB74F-2C21-46BD-BD81-3B0C3B3C8060}.Debug|Win32.Build.0 = Debug|Win32
		{8CBBB74F-2C21-46BD-BD81-3B0C3B3C8060}.Debug|x64.ActiveCfg = Debug|x64
		{8CBBB74F-2C21-46BD-BD81-3B0C3B3C8060}.Debug|x64.Build.0 = Debug|x64
		{8CBBB74F-2C21-46BD-BD81-3B0C3B3C8060}.Release|Win32.ActiveCfg = Release|Win32
		{8CBBB74F-2C21-46BD-BD81-3B0C3B3C8060}.Release|Win32.Build.0 = Release|Win32
		{8CBBB74F-2C21-46BD-BD81-3B0C3B3C8060}.Release|x64.ActiveCfg = Release|x64
		{8CBBB74F-2C21-46BD-BD81-3B0C3B3C8060}.Release|x64.Build.0 = Release|x64
		{0E8C63D1-4E2A-4F10-B5DC-B3F08F856774}.Debug|Win32.ActiveCfg = Debug|Win32
		{0E8C63D1-4E2A-4F10-B5DC-B3F08F856774}.Debug|Win32.Build.0 = Debug|Win32
		{0E8C63D1-4E2A-4F10-B5DC-B3F08F856774}.Debug|x64.ActiveCfg = Debug|x64
		{0E8C63D1-4E2A-4F10-B5DC-B3F08F856774}.Debug|x64.Build.0 = Debug|x64
		{0E8C63D1-4E2A-4F10-B5DC-B3F08F856774}.Release|Win32.ActiveCfg = Release|Win32
		{0E8C63D1-4E2A-4F10-B5DC-B3F08F856774}.Release|Win32.Build.0 = Release|Win32
		{0E8C63D1-4E2A-4F10-B5DC-B3F08F856774}.Release|x64.ActiveCfg = Release|x64
		{0E8C63D1-4E2A-4F10-B5DC-B3F08F856774}.Release|x64.Build.0 = Release|x64
		{FBB4204C-0C55-4850-98D8-AC2A7AD9F81A}.Debug|Win32.ActiveCfg = Debug|Win32
		{FBB4204C-0C55-4850-98D8-AC2A7AD9F81A}.Debug|Win32.Build.0 = Debug|Win32
		{FBB4204C-0C55-4850-98D8-AC2A7AD9F81A}.Debug|x64.ActiveCfg = Debug|x64
		{FBB4204C-0C55-4850-98D8-AC2A7AD9F81A}.Debug|x64.Build.0 = Debug|x64
		{FBB4204C-0C55-4850-98D8-AC2A7AD9F81A}.Release|Win32.ActiveCfg = Release|Win32
		{FBB4204C-0C55-4850-98D8-AC2A7AD9F81A}.Release|Win32.Build.0 = Release|Win32
		{FBB4204C-0C55-4850-98D8-AC2A7AD9F81A}.Release|x64.ActiveCfg = Release|x64
		{FBB4204C-0C55-4850-98D8-AC2A7AD9F81A}.Release|x64.Build.0 = Release|x64
		{D476D6CC-96D2-4999-B100-FBFDDB88B3B4}.Debug|Win32.ActiveCfg = Debug|Win32
		{D476D6CC-96D2-4999-B100-FBFDDB88B3B4}.Debug|Win32.Build.0 = Debug|Win32
		{D476D6CC-96D2-4999-B100-FBFDDB88B3B4}.Debug|x64.ActiveCfg = Debug|x64
		{D476D6CC-96D2-4999-B100-FBFDDB88B3B4}.Debug|x64.Build.0 = Debug|x64
		{D476D6CC-96D2-4999-B100-FBFDDB88B3B4}.Release|Win32.ActiveCfg = Release|Win32
		{D476D6CC-96D2-4999-B100-FBFDDB88B3B4}.Release|Win32.Build.0 = Release|Win32
		{D476D6CC-96D2-4999-B100-FBFDDB88B3B4}.Release|x64.ActiveCfg = Release|x64
		{D476D6CC-96D2-4999-B100-FBFDDB88B3B4}.Release|x64.Build.0 = Release|x64
		{200858D6-80AD-4F83-BC09-EEDAB73C2476}.Debug|Win32.ActiveCfg = Debug|Win32
		{200858D6-80AD-4F83-BC09-EEDAB73C2476}.Debug|Win32.Build.0 = Debug|Win32
		{200858D6-80AD-4F83-BC09-EEDAB73C2476}.Debug|x64.ActiveCfg = Debug|x64
		{200858D6-80AD-4F83-BC09-EEDAB73C2476}.Debug|x64.Build.0 = Debug|x64
		{200858D6-80AD-4F83-BC09-EEDAB73C2476}.Release|Win32.ActiveCfg = Release|Win32
		{200858D6-80AD-4F83-BC09-EEDAB73C2476}.Release|Win32.Build.0 = Release|Win32
		{200858D6-80AD-4F83-BC09-EEDAB73C2476}.Release|x64.ActiveCfg = Release|x64
		{200858D6-80AD-4F83-BC09-EEDAB73C2476}.Release|x64.Build.0 = Release|x64
		{33D8D046-F464-4A85-BCA9-B0586E06FB65}.Debug|Win32.ActiveCfg = Debug|Win32
		{33D8D046-F464-4A85-BCA9-B0586E06FB65}.Debug|Win32.Build.0 = Debug|Win32
		{33D8D046-F464-4A85-BCA9-B0586E06FB65}.Debug|x64.ActiveCfg = Debug|x64
		{33D8D046-F464-4A85-BCA9-B0586E06FB65}.Debug|x64.Build.0 = Debug|x64
		{33D8D046-F464-4A85-BCA9-B0586E06FB65}.Release|Win32.ActiveCfg = Release|Win32
		{33D8D046-F464-4A85-BCA9-B0586E06FB65}.Release|Win32.Build.0 = Release|Win32
		{33D8D046-F464-4A85-BCA9-B0586E06FB65}.Release|x64.ActiveCfg = Release|x64
		{33D8D046-F464-4A85-BCA9-B0586E06FB65}.Release|x64.Build.0 = Release|x64
		{180FC6A9-AA93-443C-8D4A-D5D76C581768}.Debug|Win32.ActiveCfg = Debug|Win32
		{180FC6A9-AA93-443C-8D4A-D5D76C581768}.Debug|Win32.Build.0 = Debug|Win32
		{180FC6A9-AA93-443C-8D4A-D5D76C581768}.Debug|x64.ActiveCfg = Debug|x64
		{180FC6A9-AA93-443C-8D4A-D5D76C581768}.Debug|x64.Build.0 = Debug|x64
		{180FC6A9-AA93-443C-8D4A-D5D76C581768}.Release|Win32.ActiveCfg = Release|Win32
		{180FC6A9-AA93-443C-8D4A-D5D76C581768}.Release|Win32.Build.0 = Release|Win32
		{180FC6A9-AA93-443C-8D4A-D5D76C581768}.Release|x64.ActiveCfg = Release|x64
		{180FC6A9-AA93-443C-8D4A-D5D76C581768}.Release|x64.Build.0 = Release|x64
		{93349AD7-F19D-4E0B-AA71-F9B5380712A8}.Debug|Win32.ActiveCfg = Debug|Win32
		{93349AD7-F19D-4E0B-AA71-F9B5380712A8}.Debug|Win32.Build.0 = Debug|Win32
		{93349AD7-F19D-4E0B-AA71-F9B5380712A8}.Debug|x64.ActiveCfg = Debug|x64
		{93349AD7-F19D-4E0B-AA71-F9B5380712A8}.Debug|x64.Build.0 = Debug|x64
		{93349AD7-F19D-4E0B-AA71-F9B5380712A8}.Release|Win32.ActiveCfg = Release|Win32
		{93349AD7-F19D-4E0B-AA71-F9B5380712A8}.Release|Win32.Build.0 = Release|Win32
		{93349AD7-F19D-4E0B-AA71-F9B5380712A8}.Release|x64.ActiveCfg = Release|x64
		{93349AD7-F19D-4E0B-AA71-F9B5380712A8}.Release|x64.Build.0 = Release|x64
		{8BCD742E-BC84-41B9-A9AE-BFB250BF673C}.Debug|Win32.ActiveCfg = Debug|Win32
		{8BCD742E-BC84-41B9-A9AE-BFB250BF673C}.Debug|Win32.Build.0 = Debug|Win32
		{8BCD742E-BC84-41B9-A9AE-BFB250BF673C}.Debug|x64.ActiveCfg = Debug|x64
		{8BCD742E-BC84-41B9-A9AE-BFB250BF673C}.Debug|x64.Build.0 = Debug|x64
		{8BCD742E-BC84-41B9-A9AE-BFB250BF673C}.Release|Win32.ActiveCfg = Release|Win32
		{8BCD742E-BC84-41B9-A9AE-BFB250BF673C}.Release|Win32.Build.0 = Release|Win32
		{8BCD742E-BC84-41B9-A9AE-BFB250BF673C}.Release|x64.ActiveCfg = Release|x64
		{8BCD742E-BC84-41B9-A9AE-BFB250BF673C}.Release|x64.Build.0 = Release|x64
		{EAE3DDB0-1390-4A26-841B-D211FD021E4C}.Debug|Win32.ActiveCfg = Debug|Win32
		{EAE3DDB0-1390-4A26-841B-D211FD021E4C}.Debug|Win32.Build.0 = Debug|Win32
		{EAE3DDB0-1390-4A26-841B-D211FD021E4C}.Debug|x64.ActiveCfg = Debug|x64
		{EAE3DDB0-1390-4A26-841B-D211FD021E4C}.Debug|x64.Build.0 = Debug|x64
		{EAE3DDB0-1390-4A26-841B-D211FD021E4C}.Release|Win32.ActiveCfg = Release|Win32
		{EAE3DDB0-1390-4A26-841B-D211FD021E4C}.Release|Win32.Build.0 = Release|Win32
		{EAE3DDB0-1390-4A26-841B-D211FD021E4C}.Release|x64.ActiveCfg = Release|x64
		{EAE3DDB0-1390-4A26-841B-D211FD021E4C}.Release|x64.Build.0 = Release|x64
		{4C9A5209-D772-4ACD-9B45-3E18775AC858}.Debug|Win32.ActiveCfg = Debug|Win32
		{4C9A5209-D772-4ACD-9B45-3E18775AC858}.Debug|Win32.Build.0 = Debug|Win32
		{4C9A5209-D772-4ACD-9B45-3E18775AC858}.Debug|x64.ActiveCfg = Debug|x64
		{4C9A5209-D772-4ACD-9B45-3E18775AC858}.Debug|x64.Build.0 = Debug|x64
		{4C9A5209-D772-4ACD-9B45-3E18775AC858}.Release|Win32.ActiveCfg = Release|Win32
		{4C9A5209-D772-4ACD-9B45-3E18775AC858}.Release|Win32.Build.0 = Release|Win32
		{4C9A5209-D772-4ACD-9B45-3E18775AC858}.Release|x64.ActiveCfg = Release|x64
		{4C9A5209-D772-4ACD-9B45-3E18775AC858}.Release|x64.Build.0 = Release|x64
		{56E360E6-A943-492A-A44B-4E72C38F60E2}.Debug|Win32.ActiveCfg = Debug|Win32
		{56E360E6-A943-492A-A44B-4E72C38F60E2}.Debug|Win32.Build.0 = Debug|Win32
		{56E360E6-A943-492A-A44B-4E72C38F60E2}.Debug|x64.ActiveCfg = Debug|x64
		{56E360E6-A943-492A-A44B-4E72C38F60E2}.Debug|x64.Build.0 = Debug|x64
		{56E360E6-A943-492A-A44B-4E72C38F60E2}.Release|Win32.ActiveCfg = Release|Win32
		{56E360E6-A943-492A-A44B-4E72C38F60E2}.Release|Win32.Build.0 = Release|Win32
		{56E360E6-A943-492A-A44B-4E72C38F60E2}.Release|x64.ActiveCfg = Release|x64
		{56E360E6-A943-492A-A44B-4E72C38F60E2}.Release|x64.Build.0 = Release|x64
		{E261C89D-A771-41A5-9B91-DA8F9C863DDE}.Debug|Win32.ActiveCfg = Debug|Win32
		{E261C89D-A771-41A5-9B91-DA8F9C863DDE}.Debug|Win32.Build.0 = Debug|Win32
		{E261C89D-A771-41A5-9B91-DA8F9C863DDE}.Debug|x64.ActiveCfg = Debug|x64
		{E261C89D-A771-41A5-9B91-DA8F9C863DDE}.Debug|x64.Build.0 = Debug|x64
		{E261C89D-A771-41A5-9B91-DA8F9C863DDE}.Release|Win32.ActiveCfg = Release|Win32
		{E261C89D-A771-41A5-9B91-DA8F9C863DDE}.Release|Win32.Build.0 = Release|Win32
		{E261C89D-A771-41A5-9B91-DA8F9C863DDE}.Release|x64.ActiveCfg = Release|x64
		{E261C89D-A771-41A5-9B91-DA8F9C863DDE}.Release|x64.Build.0 = Release|x64
		{73A4B91C-0E8E-4CC6-8550-0B194CFB5B4C}.Debug|Win32.ActiveCfg = Debug|Win32
		{73A4B91C-0E8E-4CC6-8550-0B194CFB5B4C}.Debug|Win32.Build.0 = Debug|Win32
		{73A4B91C-0E8E-4CC6-8550-0B194CFB5B4C}.Debug|x64.ActiveCfg = Debug|x64
		{73A4B91C-0E8E-4CC6-8550-0B194CFB5B4C}.Debug|x64.Build.0 = Debug|x64
		{73A4B91C-0E8E-4CC6-8550-0B194CFB5B4C}.Release|Win32.ActiveCfg = Release|Win32
		{73A4B91C-0E8E-4CC6-8550-0B194CFB5B4C}.Release|Win32.Build.0 = Release|Win32
		{73A4B91C-0E8E-4CC6-8550-0B194CFB5B4C}.Release|x64.ActiveCfg = Release|x64
		{73A4B91C-0E8E-4CC6-8550-0B194CFB5B4C}.Release|x64.Build.0 = Release|x64
		{BC186EC4-5103-4687-B198-B7024432E49B}.Debug|Win32.ActiveCfg = Debug|Win32
		{BC186EC4-5103-4687-B198-B7024432E49B}.Debug|Win32.Build.0 = Debug|Win32
		{BC186EC4-5103-4687-B198-B7024432E49B}.Debug|x64.ActiveCfg = Debug|x64
		{BC186EC4-5103-4687-B198-B7024432E49B}.Debug|x64.Build.0 = Debug|x64
		{BC186EC4-5103-4687-B198-B7024432E49B}.Release|Win32.ActiveCfg = Release|Win32
		{BC186EC4-5103-4687-B198-B7024432E49B}.Release|Win32.Build.0 = Release|Win32
		{BC186EC4-5103-4687-B198-B7024432E49B}.Release|x64.ActiveCfg = Release|x64
		{BC186EC4-5103-4687-B198-B7024432E49B}.Release|x64.Build.0 = Release|x64
		{3348825A-BA49-44B9-96C3-8B6169C40889}.Debug|Win32.ActiveCfg = Debug|Win32
		{3348825A-BA49-44B9-96C3-8B6169C40889}.Debug|Win32.Build.0 = Debug|Win32
		{3348825A-BA49-44B9-96C3-8B6169C40889}.Debug|x64.ActiveCfg = Debug|x64
		{3348825A-BA49-44B9-96C3-8B6169C40889}.Debug|x64.Build.0 = Debug|x64
		{3348825A-BA49-44B9-96C3-8B6169C40889}.Release|Win32.ActiveCfg = Release|Win32
		{3348825A-BA49-44B9-96C3-8B6169C40889}.Release|Win32.Build.0 = Release|Win32
		{3348825A-BA49-44B9-96C3-8B6169C40889}.Release|x64.ActiveCfg = Release|x64
		{3348825A-BA49-44B9-96C3-8B6169C40889}.Release|x64.Build.0 = Release|x64
		{B36947A2-6626-443B-8B30-441A2EFC7998}.Debug|Win32.ActiveCfg = Debug|Win32
		{B36947A2-6626-443B-8B30-441A2EFC7998}.Debug|Win32.Build.0 = Debug|Win32
		{B36947A2-6626-443B-8B30-441A2EFC7998}.Debug|x64.ActiveCfg = Debug|x64
		{B36947A2-6626-443B-8B30-441A2EFC7998}.Debug|x64.Build.0 = Debug|x64
		{B36947A2-6626-443B-8B30-441A2EFC7998}.Release|Win32.ActiveCfg = Release|Win32
		{B36947A2-6626-443B-8B30-441A2EFC7998}.Release|Win32.Build.0 = Release|Win32
		{B36947A2-6626-443B-8B30-441A2EFC7998}.Release|x64.ActiveCfg = Release|x64
		{B36947A2-6626-443B-8B30-441A2EFC7998}.Release|x64.Build.0 = Release|x64
		{AFE1086B-C356-4003-89E8-290780CA2415}.Debug|Win32.ActiveCfg = Debug|Win32
		{AFE1086B-C356-4003-89E8-290780CA2415}.Debug|Win32.Build.0 = Debug|Win32
		{AFE1086B-C356-4003-89E8-290780CA2415}.Debug|x64.ActiveCfg = Debug|x64
		{AFE1086B-C356-4003-89E8-290780CA2415}.Debug|x64.Build.0 = Debug|x64
		{AFE1086B-C356-4003-89E8-290780CA2415}.Release|Win32.ActiveCfg = Release|Win32
		{AFE1086B-C356-4003-89E8-290780CA2415}.Release|Win32.Build.0 = Release|Win32
		{AFE1086B-C356-4003-89E8-290780CA2415}.Release|x64.ActiveCfg = Release|x64
		{AFE1086B-C356-4003-89E8-290780CA2415}.Release|x64.Build.0 = Release|x64
		{FEA7EFBE-5CF9-4022-976E-D0B3464E13DF}.Debug|Win32.ActiveCfg = Debug|Win32
		{FEA7EFBE-5CF9-4022-976E-D0B3464E13DF}.Debug|Win32.Build.0 = Debug|Win32
		{FEA7EFBE-5CF9-4022-976E-D0B3464E13DF}.Debug|x64.ActiveCfg = Debug|x64
		{FEA7EFBE-5CF9-4022-976E-D0B3464E13DF}.Debug|x64.Build.0 = Debug|x64
		{FEA7EFBE-5CF9-4022-976E-D0B3464E13DF}.Release|Win32.ActiveCfg = Release|Win32
		{FEA7EFBE-5CF9-4022-976E-D0B3464E13DF}.Release|Win32.Build.0 = Release|Win32
		{FEA7EFBE-5CF9-4022-976E-D0B3464E13DF}.Release|x64.ActiveCfg = Release|x64
		{FEA7EFBE-5CF9-4022-976E-D0B3464E13DF}.Release|x64.Build.0 = Release|x64
	EndGlobalSection
EndGlobal
